{
  "version": "3",
  "packages": {
    "specifiers": {
      "npm:@rdfjs/dataset": "npm:@rdfjs/dataset@2.0.1",
      "npm:@rdfjs/types": "npm:@rdfjs/types@1.1.0",
      "npm:shacl-engine": "npm:shacl-engine@0.1.1"
    },
    "npm": {
      "@rdfjs/data-model@1.3.4": {
        "integrity": "sha512-iKzNcKvJotgbFDdti7GTQDCYmL7GsGldkYStiP0K8EYtN7deJu5t7U11rKTz+nR7RtesUggT+lriZ7BakFv8QQ==",
        "dependencies": {
          "@rdfjs/types": "@rdfjs/types@1.1.0"
        }
      },
      "@rdfjs/data-model@2.0.1": {
        "integrity": "sha512-oRDYpy7/fJ9NNjS+M7m+dbnhi4lOWYGbBiM/A+u9bBExnN6ifXUF5mUsFxwZaQulmwTDaMhKERdV6iKTBUMgtw==",
        "dependencies": {}
      },
      "@rdfjs/dataset@2.0.1": {
        "integrity": "sha512-hDIaXpUmU/ZdofX/BMFDAchkhN/AjmP5dMCOuVL2VCqWuFjeQxd2KV84E4+7S2Biw8tjEFhPBeQZP7KW+ARV7Q==",
        "dependencies": {}
      },
      "@rdfjs/namespace@1.1.0": {
        "integrity": "sha512-utO5rtaOKxk8B90qzaQ0N+J5WrCI28DtfAY/zExCmXE7cOfC5uRI/oMKbLaVEPj2P7uArekt/T4IPATtj7Tjug==",
        "dependencies": {
          "@rdfjs/data-model": "@rdfjs/data-model@1.3.4"
        }
      },
      "@rdfjs/namespace@2.0.0": {
        "integrity": "sha512-cBBvNrlSOah4z7u2vS74Lxng/ivELy6tNPjx+G/Ag14up8z5xmX8njn+U/mJ+nlcXO7nDGK4rgaAq7jtl9S3CQ==",
        "dependencies": {
          "@rdfjs/data-model": "@rdfjs/data-model@2.0.1"
        }
      },
      "@rdfjs/term-map@2.0.0": {
        "integrity": "sha512-z0K8AgLsJGTrh+dGkXNl/oT9vBdMei4xq1MIeGN360oimA81Q+ruQUKFCbYNRRZS03tVHPBzqXUal/DezFGPEA==",
        "dependencies": {
          "@rdfjs/to-ntriples": "@rdfjs/to-ntriples@2.0.0"
        }
      },
      "@rdfjs/term-set@2.0.1": {
        "integrity": "sha512-ZD8IwSY7tPpevs2iaQEsesAu8c7TO4GKHQHObbehUE4odKa9BuhuimdNuYwBoyVprTtHARaW6VW+0Jsu7ehD+Q==",
        "dependencies": {
          "@rdfjs/to-ntriples": "@rdfjs/to-ntriples@2.0.0"
        }
      },
      "@rdfjs/to-ntriples@2.0.0": {
        "integrity": "sha512-nDhpfhx6W6HKsy4HjyLp3H1nbrX1CiUCWhWQwKcYZX1s9GOjcoQTwY7GUUbVec0hzdJDQBR6gnjxtENBDt482Q==",
        "dependencies": {}
      },
      "@rdfjs/types@1.1.0": {
        "integrity": "sha512-5zm8bN2/CC634dTcn/0AhTRLaQRjXDZs3QfcAsQKNturHT7XVWcKy/8p3P5gXl+YkZTAmy7T5M/LyiT/jbkENw==",
        "dependencies": {
          "@types/node": "@types/node@18.16.19"
        }
      },
      "@types/node@18.16.19": {
        "integrity": "sha512-IXl7o+R9iti9eBW4Wg2hx1xQDig183jj7YLn8F7udNceyfkbn1ZxmzZXuak20gR40D7pIkIY1kYGx5VIGbaHKA==",
        "dependencies": {}
      },
      "grapoi@1.0.2": {
        "integrity": "sha512-YOlMOdFjFLURx268pV3rLMt9pDszbbxbYYUKRpGjbSJFt3ubxIOqB/70sl4o8mqmaW7OYvlY8jdilT9b5bs5qA==",
        "dependencies": {
          "@rdfjs/namespace": "@rdfjs/namespace@2.0.0",
          "@rdfjs/term-set": "@rdfjs/term-set@2.0.1"
        }
      },
      "lodash@4.17.21": {
        "integrity": "sha512-v2kDEe57lecTulaDIuNTPy3Ry4gLGJ6Z1O3vE1krgXZNrsQ+LFTGHVxVjcXPs17LhbZVGedAJv8XZ1tvj5FvSg==",
        "dependencies": {}
      },
      "rdf-data-factory@1.1.2": {
        "integrity": "sha512-TfQD63Lokabd09ES1jAtKK8AA6rkr9rwyUBGo6olOt1CE0Um36CUQIqytyf0am2ouBPR0l7SaHxCiMcPGHkt1A==",
        "dependencies": {
          "@rdfjs/types": "@rdfjs/types@1.1.0"
        }
      },
      "rdf-literal@1.3.1": {
        "integrity": "sha512-+o/PGOfJchyay9Rjrvi/oveRJACnt2WFO3LhEvtPlsRD1tFmwVUCMU+s33FtQprMo+z1ohFrv/yfEQ6Eym4KgQ==",
        "dependencies": {
          "@rdfjs/types": "@rdfjs/types@1.1.0",
          "rdf-data-factory": "rdf-data-factory@1.1.2"
        }
      },
      "rdf-validate-datatype@0.1.5": {
        "integrity": "sha512-gU+cD+AT1LpFwbemuEmTDjwLyFwJDiw21XHyIofKhFnEpXODjShBuxhgDGnZqW3qIEwu/vECjOecuD60e5ngiQ==",
        "dependencies": {
          "@rdfjs/namespace": "@rdfjs/namespace@1.1.0",
          "@rdfjs/to-ntriples": "@rdfjs/to-ntriples@2.0.0"
        }
      },
      "shacl-engine@0.1.1": {
        "integrity": "sha512-F9X7DT0lk1/RwKnlsivhT4+BBnZ55GmCNVrKTjil36u3MyyTxTBHv8wmLkKS/mUIL+RVp6rSu094866XbtcjMw==",
        "dependencies": {
          "@rdfjs/namespace": "@rdfjs/namespace@2.0.0",
          "@rdfjs/term-map": "@rdfjs/term-map@2.0.0",
          "@rdfjs/term-set": "@rdfjs/term-set@2.0.1",
          "@rdfjs/to-ntriples": "@rdfjs/to-ntriples@2.0.0",
          "grapoi": "grapoi@1.0.2",
          "lodash": "lodash@4.17.21",
          "rdf-literal": "rdf-literal@1.3.1",
          "rdf-validate-datatype": "rdf-validate-datatype@0.1.5"
        }
      }
    }
  },
  "redirects": {
    "https://esm.sh/@rdfjs/dataset/DatasetCore.js": "https://esm.sh/@rdfjs/dataset@2.0.1/DatasetCore.js",
    "https://esm.sh/v135/@types/rdfjs__data-model@~2.0/index.d.ts": "https://esm.sh/v135/@types/rdfjs__data-model@2.0.7/index.d.ts",
    "https://esm.sh/v135/@types/rdfjs__dataset@~2.0/DatasetCore~.d.ts": "https://esm.sh/v135/@types/rdfjs__dataset@2.0.7/DatasetCore~.d.ts",
    "https://esm.sh/v135/@types/rdfjs__namespace@~2.0/index.d.ts": "https://esm.sh/v135/@types/rdfjs__namespace@2.0.10/index.d.ts"
  },
  "remote": {
    "https://deno.land/std@0.210.0/assert/_constants.ts": "8a9da298c26750b28b326b297316cdde860bc237533b07e1337c021379e6b2a9",
    "https://deno.land/std@0.210.0/assert/_diff.ts": "2c9371f17cf08cbb843c924bc31ca77af422ec4fe162f73d42c651d547573fa8",
    "https://deno.land/std@0.210.0/assert/_format.ts": "335ce8e15c65b679ad142dbc9e5e97e5d58602c39dd3c9175cef6c85fe22d6d5",
    "https://deno.land/std@0.210.0/assert/assert.ts": "e265ad50a9341f3b40e51dd4cb41ab253d976943ba78a977106950e52e0302ab",
    "https://deno.land/std@0.210.0/assert/assert_almost_equals.ts": "a70d637856e1c6128dc733346d32aa73c67058489495116ca85091c39a60c767",
    "https://deno.land/std@0.210.0/assert/assert_array_includes.ts": "59d005d8897c1fbcbd5792170833f13a867f6a5ecd5a6b34a3d86b4b430de63c",
    "https://deno.land/std@0.210.0/assert/assert_equals.ts": "991b0c2b437a015d623654f758e48bfd931068211a52e8131b397cdf005c595f",
    "https://deno.land/std@0.210.0/assert/assert_exists.ts": "f24ecb0d3febad358a6cee235f012551077e07692517ebfe0630a561ba40a703",
    "https://deno.land/std@0.210.0/assert/assert_false.ts": "99cf237fe374cabf57072d2fb41b3eaff389029f850fbb96f643c875792f10ce",
    "https://deno.land/std@0.210.0/assert/assert_greater.ts": "e0bba9ac76a780573a864ab6eeb8b9fd71435b750bdd36d56a270e22ab9a79d9",
    "https://deno.land/std@0.210.0/assert/assert_greater_or_equal.ts": "aea1c7dc868926ba55f1e59f8c3560bb44706b5e3b6b009453ee4064eecf6746",
    "https://deno.land/std@0.210.0/assert/assert_instance_of.ts": "7c093d36b1a86666d5a60a8c290c91a51a627153b821a5a4dc40b24cab69f1e7",
    "https://deno.land/std@0.210.0/assert/assert_is_error.ts": "a8a758581661edec514c453910bee2f9c91b1346a515c58404963b130d81cd80",
    "https://deno.land/std@0.210.0/assert/assert_less.ts": "855aa58e49afa6a9e825f1abcd5947dc789c5878fc1b6f48b8a08115d48da32b",
    "https://deno.land/std@0.210.0/assert/assert_less_or_equal.ts": "2ae5246bd0e83da26e5c8e2815d1493252f71f7dc02afb83dc2fc0e0fb0bd894",
    "https://deno.land/std@0.210.0/assert/assert_match.ts": "e541a9769cf5726312ff9e15031e2faa2df3c59fbdc5573c8758b1f4668ccc62",
    "https://deno.land/std@0.210.0/assert/assert_not_equals.ts": "6bce4b28f3316029c0aef107f8390796798835c382d31c1004160baef0b80db0",
    "https://deno.land/std@0.210.0/assert/assert_not_instance_of.ts": "866243fd28bc6665e2ffcc027a9df1d2a69cb644aef1e9b8d1ce34377c6b8a84",
    "https://deno.land/std@0.210.0/assert/assert_not_match.ts": "59707eceb0d2b16d6892fbf92ec86f92fd76fcfc55f8b61508299db7d2972cab",
    "https://deno.land/std@0.210.0/assert/assert_not_strict_equals.ts": "c84b8e229450e8dfc44b9910d602788313ff7333d67d5bd8528371567b6a3632",
    "https://deno.land/std@0.210.0/assert/assert_object_match.ts": "ebeff248d48e5810f787e8742ae4f6b39904f4640edc2f69796596ceb6dbcdf8",
    "https://deno.land/std@0.210.0/assert/assert_rejects.ts": "f7e83272d816e1b39710012a0597ed950db2de6b193adcc5e50ddbcd9e177767",
    "https://deno.land/std@0.210.0/assert/assert_strict_equals.ts": "4007dabef1c2e9d6f1bb0e948ba7ba99ec9b1bee97ba34d67f7c10e7e5d794f7",
    "https://deno.land/std@0.210.0/assert/assert_string_includes.ts": "108a30d9348e5ff7a8b0b7cc836cf0a8cff27d5b33e861b8c56b52cc60b8219a",
    "https://deno.land/std@0.210.0/assert/assert_throws.ts": "a8767e6a06e94bac42ca9eebdad5d4e2decbc0c48bc892da7e06aa1fe0b388ba",
    "https://deno.land/std@0.210.0/assert/assertion_error.ts": "26ed1863d905005f00785c89750c001c3522c5417e4f58f95044b8143cfc1593",
    "https://deno.land/std@0.210.0/assert/equal.ts": "6f81c8a3b12c08bdc3510c8a1293b4db1c083692219d7e3828d2234b448d3d3d",
    "https://deno.land/std@0.210.0/assert/fail.ts": "f56fc64f9a141f98c1be5ff1005ddf158db888b7b206510e955bb3fedc69021c",
    "https://deno.land/std@0.210.0/assert/mod.ts": "37c49a26aae2b254bbe25723434dc28cd7532e444cf0b481a97c045d110ec085",
    "https://deno.land/std@0.210.0/assert/unimplemented.ts": "4e3e504792c87c485dbc5f4020489d8806ef697741403af2008dfa7b5a4711e8",
    "https://deno.land/std@0.210.0/assert/unreachable.ts": "1af8c99421cc5fb7332454b2b9eca074a4e394895a180bc837750dedcca75338",
    "https://deno.land/std@0.210.0/fmt/colors.ts": "2685c524bef9b16b3059a417daf6860c754eb755e19e812762ef5dff62f24481",
    "https://esm.sh/@rdfjs/data-model@2.0.1": "0850ccc84794be56815f35870dd55a2e4ececd59bea7586c328d494924da7605",
    "https://esm.sh/@rdfjs/dataset@2.0.1/DatasetCore.js": "96ba19995e8bf4a52b8dd9479439687758b8e93cf75401055941a3f317352755",
    "https://esm.sh/@rdfjs/namespace@2.0.0": "ba786a8a11f62b6853bf0d5e5c3e5a8edd6fe5f3d86cacbadeb5e039990dc90e",
    "https://esm.sh/@rdfjs/types@1.1.0": "fabf6997a3adf11e45d11e3c4d58d0634ab98f9d72f3116f3694123818ccd457",
    "https://esm.sh/v135/@rdfjs/data-model@2.0.1/denonext/data-model.mjs": "be6f3537a52404e86e32417f511678fbc597e9705268adaa5dbcbe8aee5ac0f3",
    "https://esm.sh/v135/@rdfjs/dataset@2.0.1/denonext/DatasetCore.js": "b5a2d7eabd75311d1aab4b7f672e06dfd8a18867267cdb2b0f0ef3c57518e260",
    "https://esm.sh/v135/@rdfjs/namespace@2.0.0/denonext/namespace.mjs": "ec4fc61c2f57279280c3802102d438978fe2e8d92f51c60091be55dc49980c59"
  }
}
